{
  "name": "contributors",
  "version": "1.0.0",
  "lockfileVersion": 1,
  "requires": true,
  "dependencies": {
    "@rauschma/stringio": {
      "version": "1.4.0",
      "resolved": "https://registry.npmjs.org/@rauschma/stringio/-/stringio-1.4.0.tgz",
      "integrity": "sha512-3uor2f/MXZkmX5RJf8r+OC3WvZVzpSme0yyL0rQDPEnatE02qRcqwEwnsgpgriEck0S/n4vWtUd6tTtrJwk45Q==",
      "requires": {
        "@types/node": "^10.0.3"
      }
    },
    "@types/node": {
      "version": "10.14.6",
      "resolved": "https://registry.npmjs.org/@types/node/-/node-10.14.6.tgz",
      "integrity": "sha512-Fvm24+u85lGmV4hT5G++aht2C5I4Z4dYlWZIh62FAfFO/TfzXtPpoLI6I7AuBWkIFqZCnhFOoTT7RjjaIL5Fjg=="
    },
    "email-addresses": {
      "version": "3.0.3",
      "resolved": "https://registry.npmjs.org/email-addresses/-/email-addresses-3.0.3.tgz",
      "integrity": "sha512-kUlSC06PVvvjlMRpNIl3kR1NRXLEe86VQ7N0bQeaCZb2g+InShCeHQp/JvyYNTugMnRN2NvJhHlc3q12MWbbpg=="
    }
  }
}
